// !$*UTF8*$!
{
	archiveVersion = 1;
	classes = {
	};
	objectVersion = 56;
	objects = {

/* Begin PBXBuildFile section */
		503DBE1E7E16A83886E16C5D /* Pods_CurrencyCalculator.framework in Frameworks */ = {isa = PBXBuildFile; fileRef = 26ACF0AE987ECE3BE8463998 /* Pods_CurrencyCalculator.framework */; };
		A0822E2A8645B505BE9D9EEA /* Pods_CurrencyCalculator_CurrencyCalculatorUITests.framework in Frameworks */ = {isa = PBXBuildFile; fileRef = 14845393F5ABE856A61E1D50 /* Pods_CurrencyCalculator_CurrencyCalculatorUITests.framework */; };
		C19B92605766C41CC9B5F973 /* Pods_CurrencyCalculatorTests.framework in Frameworks */ = {isa = PBXBuildFile; fileRef = 4B608BB69205B74FB1F5F53C /* Pods_CurrencyCalculatorTests.framework */; };
		CEC0C1C02E40BA6000CF243A /* AppDelegate.swift in Sources */ = {isa = PBXBuildFile; fileRef = CEC0C1BF2E40BA6000CF243A /* AppDelegate.swift */; };
		CEC0C1C22E40BA6000CF243A /* SceneDelegate.swift in Sources */ = {isa = PBXBuildFile; fileRef = CEC0C1C12E40BA6000CF243A /* SceneDelegate.swift */; };
		CEC0C1C42E40BA6000CF243A /* ViewController.swift in Sources */ = {isa = PBXBuildFile; fileRef = CEC0C1C32E40BA6000CF243A /* ViewController.swift */; };
		CEC0C1C72E40BA6000CF243A /* Main.storyboard in Resources */ = {isa = PBXBuildFile; fileRef = CEC0C1C52E40BA6000CF243A /* Main.storyboard */; };
		CEC0C1CA2E40BA6000CF243A /* CurrencyCalculator.xcdatamodeld in Sources */ = {isa = PBXBuildFile; fileRef = CEC0C1C82E40BA6000CF243A /* CurrencyCalculator.xcdatamodeld */; };
		CEC0C1CC2E40BA6300CF243A /* Assets.xcassets in Resources */ = {isa = PBXBuildFile; fileRef = CEC0C1CB2E40BA6300CF243A /* Assets.xcassets */; };
		CEC0C1CF2E40BA6300CF243A /* LaunchScreen.storyboard in Resources */ = {isa = PBXBuildFile; fileRef = CEC0C1CD2E40BA6300CF243A /* LaunchScreen.storyboard */; };
		CEC0C1DA2E40BA6300CF243A /* CurrencyCalculatorTests.swift in Sources */ = {isa = PBXBuildFile; fileRef = CEC0C1D92E40BA6300CF243A /* CurrencyCalculatorTests.swift */; };
		CEC0C1E42E40BA6300CF243A /* CurrencyCalculatorUITests.swift in Sources */ = {isa = PBXBuildFile; fileRef = CEC0C1E32E40BA6300CF243A /* CurrencyCalculatorUITests.swift */; };
		CEC0C1E62E40BA6300CF243A /* CurrencyCalculatorUITestsLaunchTests.swift in Sources */ = {isa = PBXBuildFile; fileRef = CEC0C1E52E40BA6300CF243A /* CurrencyCalculatorUITestsLaunchTests.swift */; };
		CED290D22E43A66F0079CEAC /* CurrencyModel.swift in Sources */ = {isa = PBXBuildFile; fileRef = CED290D12E43A66F0079CEAC /* CurrencyModel.swift */; };
		CED290D42E43A6820079CEAC /* ConversionRate.swift in Sources */ = {isa = PBXBuildFile; fileRef = CED290D32E43A6820079CEAC /* ConversionRate.swift */; };
		CED290D62E43A69B0079CEAC /* RealmCurrency.swift in Sources */ = {isa = PBXBuildFile; fileRef = CED290D52E43A69B0079CEAC /* RealmCurrency.swift */; };
		CED290D82E43A6CB0079CEAC /* CurrencyConverterViewModel.swift in Sources */ = {isa = PBXBuildFile; fileRef = CED290D72E43A6CB0079CEAC /* CurrencyConverterViewModel.swift */; };
		CED290DA2E43A7230079CEAC /* CurrencyService.swift in Sources */ = {isa = PBXBuildFile; fileRef = CED290D92E43A7230079CEAC /* CurrencyService.swift */; };
		CED290DC2E43A7320079CEAC /* APIConstants.swift in Sources */ = {isa = PBXBuildFile; fileRef = CED290DB2E43A7320079CEAC /* APIConstants.swift */; };
		CED290DE2E43A7870079CEAC /* UIView+Extension.swift in Sources */ = {isa = PBXBuildFile; fileRef = CED290DD2E43A7870079CEAC /* UIView+Extension.swift */; };
/* End PBXBuildFile section */

/* Begin PBXContainerItemProxy section */
		CEC0C1D62E40BA6300CF243A /* PBXContainerItemProxy */ = {
			isa = PBXContainerItemProxy;
			containerPortal = CEC0C1B42E40BA6000CF243A /* Project object */;
			proxyType = 1;
			remoteGlobalIDString = CEC0C1BB2E40BA6000CF243A;
			remoteInfo = CurrencyCalculator;
		};
		CEC0C1E02E40BA6300CF243A /* PBXContainerItemProxy */ = {
			isa = PBXContainerItemProxy;
			containerPortal = CEC0C1B42E40BA6000CF243A /* Project object */;
			proxyType = 1;
			remoteGlobalIDString = CEC0C1BB2E40BA6000CF243A;
			remoteInfo = CurrencyCalculator;
		};
/* End PBXContainerItemProxy section */

/* Begin PBXFileReference section */
		14845393F5ABE856A61E1D50 /* Pods_CurrencyCalculator_CurrencyCalculatorUITests.framework */ = {isa = PBXFileReference; explicitFileType = wrapper.framework; includeInIndex = 0; path = Pods_CurrencyCalculator_CurrencyCalculatorUITests.framework; sourceTree = BUILT_PRODUCTS_DIR; };
		1D79DE6EDFE6AA29626EFE5D /* Pods-CurrencyCalculator.debug.xcconfig */ = {isa = PBXFileReference; includeInIndex = 1; lastKnownFileType = text.xcconfig; name = "Pods-CurrencyCalculator.debug.xcconfig"; path = "Target Support Files/Pods-CurrencyCalculator/Pods-CurrencyCalculator.debug.xcconfig"; sourceTree = "<group>"; };
		226D226ED68DE5718629CDB2 /* Pods-CurrencyCalculator.release.xcconfig */ = {isa = PBXFileReference; includeInIndex = 1; lastKnownFileType = text.xcconfig; name = "Pods-CurrencyCalculator.release.xcconfig"; path = "Target Support Files/Pods-CurrencyCalculator/Pods-CurrencyCalculator.release.xcconfig"; sourceTree = "<group>"; };
		26ACF0AE987ECE3BE8463998 /* Pods_CurrencyCalculator.framework */ = {isa = PBXFileReference; explicitFileType = wrapper.framework; includeInIndex = 0; path = Pods_CurrencyCalculator.framework; sourceTree = BUILT_PRODUCTS_DIR; };
		4B608BB69205B74FB1F5F53C /* Pods_CurrencyCalculatorTests.framework */ = {isa = PBXFileReference; explicitFileType = wrapper.framework; includeInIndex = 0; path = Pods_CurrencyCalculatorTests.framework; sourceTree = BUILT_PRODUCTS_DIR; };
		5DF47ECED2BC65C680F58FD1 /* Pods-CurrencyCalculatorTests.release.xcconfig */ = {isa = PBXFileReference; includeInIndex = 1; lastKnownFileType = text.xcconfig; name = "Pods-CurrencyCalculatorTests.release.xcconfig"; path = "Target Support Files/Pods-CurrencyCalculatorTests/Pods-CurrencyCalculatorTests.release.xcconfig"; sourceTree = "<group>"; };
		969479BB3875D222B9ADFE0B /* Pods-CurrencyCalculatorTests.debug.xcconfig */ = {isa = PBXFileReference; includeInIndex = 1; lastKnownFileType = text.xcconfig; name = "Pods-CurrencyCalculatorTests.debug.xcconfig"; path = "Target Support Files/Pods-CurrencyCalculatorTests/Pods-CurrencyCalculatorTests.debug.xcconfig"; sourceTree = "<group>"; };
		B06839D02508B8721C91F993 /* Pods-CurrencyCalculator-CurrencyCalculatorUITests.release.xcconfig */ = {isa = PBXFileReference; includeInIndex = 1; lastKnownFileType = text.xcconfig; name = "Pods-CurrencyCalculator-CurrencyCalculatorUITests.release.xcconfig"; path = "Target Support Files/Pods-CurrencyCalculator-CurrencyCalculatorUITests/Pods-CurrencyCalculator-CurrencyCalculatorUITests.release.xcconfig"; sourceTree = "<group>"; };
		CA47CE0C63468F33C5192829 /* Pods-CurrencyCalculator-CurrencyCalculatorUITests.debug.xcconfig */ = {isa = PBXFileReference; includeInIndex = 1; lastKnownFileType = text.xcconfig; name = "Pods-CurrencyCalculator-CurrencyCalculatorUITests.debug.xcconfig"; path = "Target Support Files/Pods-CurrencyCalculator-CurrencyCalculatorUITests/Pods-CurrencyCalculator-CurrencyCalculatorUITests.debug.xcconfig"; sourceTree = "<group>"; };
		CEC0C1BC2E40BA6000CF243A /* CurrencyCalculator.app */ = {isa = PBXFileReference; explicitFileType = wrapper.application; includeInIndex = 0; path = CurrencyCalculator.app; sourceTree = BUILT_PRODUCTS_DIR; };
		CEC0C1BF2E40BA6000CF243A /* AppDelegate.swift */ = {isa = PBXFileReference; lastKnownFileType = sourcecode.swift; path = AppDelegate.swift; sourceTree = "<group>"; };
		CEC0C1C12E40BA6000CF243A /* SceneDelegate.swift */ = {isa = PBXFileReference; lastKnownFileType = sourcecode.swift; path = SceneDelegate.swift; sourceTree = "<group>"; };
		CEC0C1C32E40BA6000CF243A /* ViewController.swift */ = {isa = PBXFileReference; lastKnownFileType = sourcecode.swift; path = ViewController.swift; sourceTree = "<group>"; };
		CEC0C1C62E40BA6000CF243A /* Base */ = {isa = PBXFileReference; lastKnownFileType = file.storyboard; name = Base; path = Base.lproj/Main.storyboard; sourceTree = "<group>"; };
		CEC0C1C92E40BA6000CF243A /* CurrencyCalculator.xcdatamodel */ = {isa = PBXFileReference; lastKnownFileType = wrapper.xcdatamodel; path = CurrencyCalculator.xcdatamodel; sourceTree = "<group>"; };
		CEC0C1CB2E40BA6300CF243A /* Assets.xcassets */ = {isa = PBXFileReference; lastKnownFileType = folder.assetcatalog; path = Assets.xcassets; sourceTree = "<group>"; };
		CEC0C1CE2E40BA6300CF243A /* Base */ = {isa = PBXFileReference; lastKnownFileType = file.storyboard; name = Base; path = Base.lproj/LaunchScreen.storyboard; sourceTree = "<group>"; };
		CEC0C1D02E40BA6300CF243A /* Info.plist */ = {isa = PBXFileReference; lastKnownFileType = text.plist.xml; path = Info.plist; sourceTree = "<group>"; };
		CEC0C1D52E40BA6300CF243A /* CurrencyCalculatorTests.xctest */ = {isa = PBXFileReference; explicitFileType = wrapper.cfbundle; includeInIndex = 0; path = CurrencyCalculatorTests.xctest; sourceTree = BUILT_PRODUCTS_DIR; };
		CEC0C1D92E40BA6300CF243A /* CurrencyCalculatorTests.swift */ = {isa = PBXFileReference; lastKnownFileType = sourcecode.swift; path = CurrencyCalculatorTests.swift; sourceTree = "<group>"; };
		CEC0C1DF2E40BA6300CF243A /* CurrencyCalculatorUITests.xctest */ = {isa = PBXFileReference; explicitFileType = wrapper.cfbundle; includeInIndex = 0; path = CurrencyCalculatorUITests.xctest; sourceTree = BUILT_PRODUCTS_DIR; };
		CEC0C1E32E40BA6300CF243A /* CurrencyCalculatorUITests.swift */ = {isa = PBXFileReference; lastKnownFileType = sourcecode.swift; path = CurrencyCalculatorUITests.swift; sourceTree = "<group>"; };
		CEC0C1E52E40BA6300CF243A /* CurrencyCalculatorUITestsLaunchTests.swift */ = {isa = PBXFileReference; lastKnownFileType = sourcecode.swift; path = CurrencyCalculatorUITestsLaunchTests.swift; sourceTree = "<group>"; };
		CED290D12E43A66F0079CEAC /* CurrencyModel.swift */ = {isa = PBXFileReference; lastKnownFileType = sourcecode.swift; path = CurrencyModel.swift; sourceTree = "<group>"; };
		CED290D32E43A6820079CEAC /* ConversionRate.swift */ = {isa = PBXFileReference; lastKnownFileType = sourcecode.swift; path = ConversionRate.swift; sourceTree = "<group>"; };
		CED290D52E43A69B0079CEAC /* RealmCurrency.swift */ = {isa = PBXFileReference; lastKnownFileType = sourcecode.swift; path = RealmCurrency.swift; sourceTree = "<group>"; };
		CED290D72E43A6CB0079CEAC /* CurrencyConverterViewModel.swift */ = {isa = PBXFileReference; lastKnownFileType = sourcecode.swift; path = CurrencyConverterViewModel.swift; sourceTree = "<group>"; };
		CED290D92E43A7230079CEAC /* CurrencyService.swift */ = {isa = PBXFileReference; lastKnownFileType = sourcecode.swift; path = CurrencyService.swift; sourceTree = "<group>"; };
		CED290DB2E43A7320079CEAC /* APIConstants.swift */ = {isa = PBXFileReference; lastKnownFileType = sourcecode.swift; path = APIConstants.swift; sourceTree = "<group>"; };
		CED290DD2E43A7870079CEAC /* UIView+Extension.swift */ = {isa = PBXFileReference; lastKnownFileType = sourcecode.swift; path = "UIView+Extension.swift"; sourceTree = "<group>"; };
/* End PBXFileReference section */

/* Begin PBXFrameworksBuildPhase section */
		CEC0C1B92E40BA6000CF243A /* Frameworks */ = {
			isa = PBXFrameworksBuildPhase;
			buildActionMask = 2147483647;
			files = (
				503DBE1E7E16A83886E16C5D /* Pods_CurrencyCalculator.framework in Frameworks */,
			);
			runOnlyForDeploymentPostprocessing = 0;
		};
		CEC0C1D22E40BA6300CF243A /* Frameworks */ = {
			isa = PBXFrameworksBuildPhase;
			buildActionMask = 2147483647;
			files = (
				C19B92605766C41CC9B5F973 /* Pods_CurrencyCalculatorTests.framework in Frameworks */,
			);
			runOnlyForDeploymentPostprocessing = 0;
		};
		CEC0C1DC2E40BA6300CF243A /* Frameworks */ = {
			isa = PBXFrameworksBuildPhase;
			buildActionMask = 2147483647;
			files = (
				A0822E2A8645B505BE9D9EEA /* Pods_CurrencyCalculator_CurrencyCalculatorUITests.framework in Frameworks */,
			);
			runOnlyForDeploymentPostprocessing = 0;
		};
/* End PBXFrameworksBuildPhase section */

/* Begin PBXGroup section */
		839920CBF99ADE00838F310C /* Frameworks */ = {
			isa = PBXGroup;
			children = (
				26ACF0AE987ECE3BE8463998 /* Pods_CurrencyCalculator.framework */,
				14845393F5ABE856A61E1D50 /* Pods_CurrencyCalculator_CurrencyCalculatorUITests.framework */,
				4B608BB69205B74FB1F5F53C /* Pods_CurrencyCalculatorTests.framework */,
			);
			name = Frameworks;
			sourceTree = "<group>";
		};
		AF252C3547EDF224BBD6B3D9 /* Pods */ = {
			isa = PBXGroup;
			children = (
				1D79DE6EDFE6AA29626EFE5D /* Pods-CurrencyCalculator.debug.xcconfig */,
				226D226ED68DE5718629CDB2 /* Pods-CurrencyCalculator.release.xcconfig */,
				CA47CE0C63468F33C5192829 /* Pods-CurrencyCalculator-CurrencyCalculatorUITests.debug.xcconfig */,
				B06839D02508B8721C91F993 /* Pods-CurrencyCalculator-CurrencyCalculatorUITests.release.xcconfig */,
				969479BB3875D222B9ADFE0B /* Pods-CurrencyCalculatorTests.debug.xcconfig */,
				5DF47ECED2BC65C680F58FD1 /* Pods-CurrencyCalculatorTests.release.xcconfig */,
			);
			name = Pods;
			path = Pods;
			sourceTree = "<group>";
		};
		CEC0C1B32E40BA6000CF243A = {
			isa = PBXGroup;
			children = (
				CEC0C1BE2E40BA6000CF243A /* CurrencyCalculator */,
				CEC0C1D82E40BA6300CF243A /* CurrencyCalculatorTests */,
				CEC0C1E22E40BA6300CF243A /* CurrencyCalculatorUITests */,
				CEC0C1BD2E40BA6000CF243A /* Products */,
				AF252C3547EDF224BBD6B3D9 /* Pods */,
				839920CBF99ADE00838F310C /* Frameworks */,
			);
			sourceTree = "<group>";
		};
		CEC0C1BD2E40BA6000CF243A /* Products */ = {
			isa = PBXGroup;
			children = (
				CEC0C1BC2E40BA6000CF243A /* CurrencyCalculator.app */,
				CEC0C1D52E40BA6300CF243A /* CurrencyCalculatorTests.xctest */,
				CEC0C1DF2E40BA6300CF243A /* CurrencyCalculatorUITests.xctest */,
			);
			name = Products;
			sourceTree = "<group>";
		};
		CEC0C1BE2E40BA6000CF243A /* CurrencyCalculator */ = {
			isa = PBXGroup;
			children = (
				CED290D02E43A6070079CEAC /* Model */,
				CED290CF2E43A6000079CEAC /* View */,
				CED290CE2E43A5E60079CEAC /* Controller */,
				CED290CD2E43A5DD0079CEAC /* Network */,
				CED290CC2E43A5D30079CEAC /* Resources */,
				CED290CB2E43A5C40079CEAC /* Extensions */,
				CED290CA2E43A5AF0079CEAC /* Utilities+Delegates */,
				CED290C92E43A5980079CEAC /* Libraries */,
				CEC0C1D02E40BA6300CF243A /* Info.plist */,
				CEC0C1C82E40BA6000CF243A /* CurrencyCalculator.xcdatamodeld */,
			);
			path = CurrencyCalculator;
			sourceTree = "<group>";
		};
		CEC0C1D82E40BA6300CF243A /* CurrencyCalculatorTests */ = {
			isa = PBXGroup;
			children = (
				CEC0C1D92E40BA6300CF243A /* CurrencyCalculatorTests.swift */,
			);
			path = CurrencyCalculatorTests;
			sourceTree = "<group>";
		};
		CEC0C1E22E40BA6300CF243A /* CurrencyCalculatorUITests */ = {
			isa = PBXGroup;
			children = (
				CEC0C1E32E40BA6300CF243A /* CurrencyCalculatorUITests.swift */,
				CEC0C1E52E40BA6300CF243A /* CurrencyCalculatorUITestsLaunchTests.swift */,
			);
			path = CurrencyCalculatorUITests;
			sourceTree = "<group>";
		};
		CED290C92E43A5980079CEAC /* Libraries */ = {
			isa = PBXGroup;
			children = (
			);
			path = Libraries;
			sourceTree = "<group>";
		};
		CED290CA2E43A5AF0079CEAC /* Utilities+Delegates */ = {
			isa = PBXGroup;
			children = (
				CEC0C1C12E40BA6000CF243A /* SceneDelegate.swift */,
				CEC0C1BF2E40BA6000CF243A /* AppDelegate.swift */,
			);
			path = "Utilities+Delegates";
			sourceTree = "<group>";
		};
		CED290CB2E43A5C40079CEAC /* Extensions */ = {
			isa = PBXGroup;
			children = (
				CED290DD2E43A7870079CEAC /* UIView+Extension.swift */,
			);
			path = Extensions;
			sourceTree = "<group>";
		};
		CED290CC2E43A5D30079CEAC /* Resources */ = {
			isa = PBXGroup;
			children = (
				CEC0C1CD2E40BA6300CF243A /* LaunchScreen.storyboard */,
				CEC0C1CB2E40BA6300CF243A /* Assets.xcassets */,
			);
			path = Resources;
			sourceTree = "<group>";
		};
		CED290CD2E43A5DD0079CEAC /* Network */ = {
			isa = PBXGroup;
			children = (
				CED290D92E43A7230079CEAC /* CurrencyService.swift */,
				CED290DB2E43A7320079CEAC /* APIConstants.swift */,
			);
			path = Network;
			sourceTree = "<group>";
		};
		CED290CE2E43A5E60079CEAC /* Controller */ = {
			isa = PBXGroup;
			children = (
				CEC0C1C32E40BA6000CF243A /* ViewController.swift */,
				CED290D72E43A6CB0079CEAC /* CurrencyConverterViewModel.swift */,
			);
			path = Controller;
			sourceTree = "<group>";
		};
		CED290CF2E43A6000079CEAC /* View */ = {
			isa = PBXGroup;
			children = (
				CEC0C1C52E40BA6000CF243A /* Main.storyboard */,
			);
			path = View;
			sourceTree = "<group>";
		};
		CED290D02E43A6070079CEAC /* Model */ = {
			isa = PBXGroup;
			children = (
				CED290D12E43A66F0079CEAC /* CurrencyModel.swift */,
				CED290D32E43A6820079CEAC /* ConversionRate.swift */,
				CED290D52E43A69B0079CEAC /* RealmCurrency.swift */,
			);
			path = Model;
			sourceTree = "<group>";
		};
/* End PBXGroup section */

/* Begin PBXNativeTarget section */
		CEC0C1BB2E40BA6000CF243A /* CurrencyCalculator */ = {
			isa = PBXNativeTarget;
			buildConfigurationList = CEC0C1E92E40BA6300CF243A /* Build configuration list for PBXNativeTarget "CurrencyCalculator" */;
			buildPhases = (
				354F93B7F428B7DB2055B941 /* [CP] Check Pods Manifest.lock */,
				CEC0C1B82E40BA6000CF243A /* Sources */,
				CEC0C1B92E40BA6000CF243A /* Frameworks */,
				CEC0C1BA2E40BA6000CF243A /* Resources */,
				9DBFA24B9613913B59C1F7F2 /* [CP] Embed Pods Frameworks */,
			);
			buildRules = (
			);
			dependencies = (
			);
			name = CurrencyCalculator;
			productName = CurrencyCalculator;
			productReference = CEC0C1BC2E40BA6000CF243A /* CurrencyCalculator.app */;
			productType = "com.apple.product-type.application";
		};
		CEC0C1D42E40BA6300CF243A /* CurrencyCalculatorTests */ = {
			isa = PBXNativeTarget;
			buildConfigurationList = CEC0C1EC2E40BA6300CF243A /* Build configuration list for PBXNativeTarget "CurrencyCalculatorTests" */;
			buildPhases = (
				EECA176206D551161EB255F3 /* [CP] Check Pods Manifest.lock */,
				CEC0C1D12E40BA6300CF243A /* Sources */,
				CEC0C1D22E40BA6300CF243A /* Frameworks */,
				CEC0C1D32E40BA6300CF243A /* Resources */,
			);
			buildRules = (
			);
			dependencies = (
				CEC0C1D72E40BA6300CF243A /* PBXTargetDependency */,
			);
			name = CurrencyCalculatorTests;
			productName = CurrencyCalculatorTests;
			productReference = CEC0C1D52E40BA6300CF243A /* CurrencyCalculatorTests.xctest */;
			productType = "com.apple.product-type.bundle.unit-test";
		};
		CEC0C1DE2E40BA6300CF243A /* CurrencyCalculatorUITests */ = {
			isa = PBXNativeTarget;
			buildConfigurationList = CEC0C1EF2E40BA6300CF243A /* Build configuration list for PBXNativeTarget "CurrencyCalculatorUITests" */;
			buildPhases = (
				F66A8D556DF4BF74CDB90570 /* [CP] Check Pods Manifest.lock */,
				CEC0C1DB2E40BA6300CF243A /* Sources */,
				CEC0C1DC2E40BA6300CF243A /* Frameworks */,
				CEC0C1DD2E40BA6300CF243A /* Resources */,
				80ED61A195D9BEDBA6427A85 /* [CP] Embed Pods Frameworks */,
			);
			buildRules = (
			);
			dependencies = (
				CEC0C1E12E40BA6300CF243A /* PBXTargetDependency */,
			);
			name = CurrencyCalculatorUITests;
			productName = CurrencyCalculatorUITests;
			productReference = CEC0C1DF2E40BA6300CF243A /* CurrencyCalculatorUITests.xctest */;
			productType = "com.apple.product-type.bundle.ui-testing";
		};
/* End PBXNativeTarget section */

/* Begin PBXProject section */
		CEC0C1B42E40BA6000CF243A /* Project object */ = {
			isa = PBXProject;
			attributes = {
				BuildIndependentTargetsInParallel = 1;
				LastSwiftUpdateCheck = 1510;
				LastUpgradeCheck = 1510;
				TargetAttributes = {
					CEC0C1BB2E40BA6000CF243A = {
						CreatedOnToolsVersion = 15.1;
					};
					CEC0C1D42E40BA6300CF243A = {
						CreatedOnToolsVersion = 15.1;
						TestTargetID = CEC0C1BB2E40BA6000CF243A;
					};
					CEC0C1DE2E40BA6300CF243A = {
						CreatedOnToolsVersion = 15.1;
						TestTargetID = CEC0C1BB2E40BA6000CF243A;
					};
				};
			};
			buildConfigurationList = CEC0C1B72E40BA6000CF243A /* Build configuration list for PBXProject "CurrencyCalculator" */;
			compatibilityVersion = "Xcode 14.0";
			developmentRegion = en;
			hasScannedForEncodings = 0;
			knownRegions = (
				en,
				Base,
			);
			mainGroup = CEC0C1B32E40BA6000CF243A;
			productRefGroup = CEC0C1BD2E40BA6000CF243A /* Products */;
			projectDirPath = "";
			projectRoot = "";
			targets = (
				CEC0C1BB2E40BA6000CF243A /* CurrencyCalculator */,
				CEC0C1D42E40BA6300CF243A /* CurrencyCalculatorTests */,
				CEC0C1DE2E40BA6300CF243A /* CurrencyCalculatorUITests */,
			);
		};
/* End PBXProject section */

/* Begin PBXResourcesBuildPhase section */
		CEC0C1BA2E40BA6000CF243A /* Resources */ = {
			isa = PBXResourcesBuildPhase;
			buildActionMask = 2147483647;
			files = (
				CEC0C1CF2E40BA6300CF243A /* LaunchScreen.storyboard in Resources */,
				CEC0C1CC2E40BA6300CF243A /* Assets.xcassets in Resources */,
				CEC0C1C72E40BA6000CF243A /* Main.storyboard in Resources */,
			);
			runOnlyForDeploymentPostprocessing = 0;
		};
		CEC0C1D32E40BA6300CF243A /* Resources */ = {
			isa = PBXResourcesBuildPhase;
			buildActionMask = 2147483647;
			files = (
			);
			runOnlyForDeploymentPostprocessing = 0;
		};
		CEC0C1DD2E40BA6300CF243A /* Resources */ = {
			isa = PBXResourcesBuildPhase;
			buildActionMask = 2147483647;
			files = (
			);
			runOnlyForDeploymentPostprocessing = 0;
		};
/* End PBXResourcesBuildPhase section */

/* Begin PBXShellScriptBuildPhase section */
		354F93B7F428B7DB2055B941 /* [CP] Check Pods Manifest.lock */ = {
			isa = PBXShellScriptBuildPhase;
			buildActionMask = 2147483647;
			files = (
			);
			inputFileListPaths = (
			);
			inputPaths = (
				"${PODS_PODFILE_DIR_PATH}/Podfile.lock",
				"${PODS_ROOT}/Manifest.lock",
			);
			name = "[CP] Check Pods Manifest.lock";
			outputFileListPaths = (
			);
			outputPaths = (
				"$(DERIVED_FILE_DIR)/Pods-CurrencyCalculator-checkManifestLockResult.txt",
			);
			runOnlyForDeploymentPostprocessing = 0;
			shellPath = /bin/sh;
			shellScript = "diff \"${PODS_PODFILE_DIR_PATH}/Podfile.lock\" \"${PODS_ROOT}/Manifest.lock\" > /dev/null\nif [ $? != 0 ] ; then\n    # print error to STDERR\n    echo \"error: The sandbox is not in sync with the Podfile.lock. Run 'pod install' or update your CocoaPods installation.\" >&2\n    exit 1\nfi\n# This output is used by Xcode 'outputs' to avoid re-running this script phase.\necho \"SUCCESS\" > \"${SCRIPT_OUTPUT_FILE_0}\"\n";
			showEnvVarsInLog = 0;
		};
		80ED61A195D9BEDBA6427A85 /* [CP] Embed Pods Frameworks */ = {
			isa = PBXShellScriptBuildPhase;
			buildActionMask = 2147483647;
			files = (
			);
			inputFileListPaths = (
				"${PODS_ROOT}/Target Support Files/Pods-CurrencyCalculator-CurrencyCalculatorUITests/Pods-CurrencyCalculator-CurrencyCalculatorUITests-frameworks-${CONFIGURATION}-input-files.xcfilelist",
			);
			name = "[CP] Embed Pods Frameworks";
			outputFileListPaths = (
				"${PODS_ROOT}/Target Support Files/Pods-CurrencyCalculator-CurrencyCalculatorUITests/Pods-CurrencyCalculator-CurrencyCalculatorUITests-frameworks-${CONFIGURATION}-output-files.xcfilelist",
			);
			runOnlyForDeploymentPostprocessing = 0;
			shellPath = /bin/sh;
			shellScript = "\"${PODS_ROOT}/Target Support Files/Pods-CurrencyCalculator-CurrencyCalculatorUITests/Pods-CurrencyCalculator-CurrencyCalculatorUITests-frameworks.sh\"\n";
			showEnvVarsInLog = 0;
		};
		9DBFA24B9613913B59C1F7F2 /* [CP] Embed Pods Frameworks */ = {
			isa = PBXShellScriptBuildPhase;
			buildActionMask = 2147483647;
			files = (
			);
			inputFileListPaths = (
				"${PODS_ROOT}/Target Support Files/Pods-CurrencyCalculator/Pods-CurrencyCalculator-frameworks-${CONFIGURATION}-input-files.xcfilelist",
			);
			name = "[CP] Embed Pods Frameworks";
			outputFileListPaths = (
				"${PODS_ROOT}/Target Support Files/Pods-CurrencyCalculator/Pods-CurrencyCalculator-frameworks-${CONFIGURATION}-output-files.xcfilelist",
			);
			runOnlyForDeploymentPostprocessing = 0;
			shellPath = /bin/sh;
			shellScript = "\"${PODS_ROOT}/Target Support Files/Pods-CurrencyCalculator/Pods-CurrencyCalculator-frameworks.sh\"\n";
			showEnvVarsInLog = 0;
		};
		EECA176206D551161EB255F3 /* [CP] Check Pods Manifest.lock */ = {
			isa = PBXShellScriptBuildPhase;
			buildActionMask = 2147483647;
			files = (
			);
			inputFileListPaths = (
			);
			inputPaths = (
				"${PODS_PODFILE_DIR_PATH}/Podfile.lock",
				"${PODS_ROOT}/Manifest.lock",
			);
			name = "[CP] Check Pods Manifest.lock";
			outputFileListPaths = (
			);
			outputPaths = (
				"$(DERIVED_FILE_DIR)/Pods-CurrencyCalculatorTests-checkManifestLockResult.txt",
			);
			runOnlyForDeploymentPostprocessing = 0;
			shellPath = /bin/sh;
			shellScript = "diff \"${PODS_PODFILE_DIR_PATH}/Podfile.lock\" \"${PODS_ROOT}/Manifest.lock\" > /dev/null\nif [ $? != 0 ] ; then\n    # print error to STDERR\n    echo \"error: The sandbox is not in sync with the Podfile.lock. Run 'pod install' or update your CocoaPods installation.\" >&2\n    exit 1\nfi\n# This output is used by Xcode 'outputs' to avoid re-running this script phase.\necho \"SUCCESS\" > \"${SCRIPT_OUTPUT_FILE_0}\"\n";
			showEnvVarsInLog = 0;
		};
		F66A8D556DF4BF74CDB90570 /* [CP] Check Pods Manifest.lock */ = {
			isa = PBXShellScriptBuildPhase;
			buildActionMask = 2147483647;
			files = (
			);
			inputFileListPaths = (
			);
			inputPaths = (
				"${PODS_PODFILE_DIR_PATH}/Podfile.lock",
				"${PODS_ROOT}/Manifest.lock",
			);
			name = "[CP] Check Pods Manifest.lock";
			outputFileListPaths = (
			);
			outputPaths = (
				"$(DERIVED_FILE_DIR)/Pods-CurrencyCalculator-CurrencyCalculatorUITests-checkManifestLockResult.txt",
			);
			runOnlyForDeploymentPostprocessing = 0;
			shellPath = /bin/sh;
			shellScript = "diff \"${PODS_PODFILE_DIR_PATH}/Podfile.lock\" \"${PODS_ROOT}/Manifest.lock\" > /dev/null\nif [ $? != 0 ] ; then\n    # print error to STDERR\n    echo \"error: The sandbox is not in sync with the Podfile.lock. Run 'pod install' or update your CocoaPods installation.\" >&2\n    exit 1\nfi\n# This output is used by Xcode 'outputs' to avoid re-running this script phase.\necho \"SUCCESS\" > \"${SCRIPT_OUTPUT_FILE_0}\"\n";
			showEnvVarsInLog = 0;
		};
/* End PBXShellScriptBuildPhase section */

/* Begin PBXSourcesBuildPhase section */
		CEC0C1B82E40BA6000CF243A /* Sources */ = {
			isa = PBXSourcesBuildPhase;
			buildActionMask = 2147483647;
			files = (
				CED290DE2E43A7870079CEAC /* UIView+Extension.swift in Sources */,
				CED290D22E43A66F0079CEAC /* CurrencyModel.swift in Sources */,
				CEC0C1CA2E40BA6000CF243A /* CurrencyCalculator.xcdatamodeld in Sources */,
				CED290DA2E43A7230079CEAC /* CurrencyService.swift in Sources */,
				CEC0C1C42E40BA6000CF243A /* ViewController.swift in Sources */,
				CED290D42E43A6820079CEAC /* ConversionRate.swift in Sources */,
				CED290D82E43A6CB0079CEAC /* CurrencyConverterViewModel.swift in Sources */,
				CED290DC2E43A7320079CEAC /* APIConstants.swift in Sources */,
				CEC0C1C02E40BA6000CF243A /* AppDelegate.swift in Sources */,
				CED290D62E43A69B0079CEAC /* RealmCurrency.swift in Sources */,
				CEC0C1C22E40BA6000CF243A /* SceneDelegate.swift in Sources */,
			);
			runOnlyForDeploymentPostprocessing = 0;
		};
		CEC0C1D12E40BA6300CF243A /* Sources */ = {
			isa = PBXSourcesBuildPhase;
			buildActionMask = 2147483647;
			files = (
				CEC0C1DA2E40BA6300CF243A /* CurrencyCalculatorTests.swift in Sources */,
			);
			runOnlyForDeploymentPostprocessing = 0;
		};
		CEC0C1DB2E40BA6300CF243A /* Sources */ = {
			isa = PBXSourcesBuildPhase;
			buildActionMask = 2147483647;
			files = (
				CEC0C1E42E40BA6300CF243A /* CurrencyCalculatorUITests.swift in Sources */,
				CEC0C1E62E40BA6300CF243A /* CurrencyCalculatorUITestsLaunchTests.swift in Sources */,
			);
			runOnlyForDeploymentPostprocessing = 0;
		};
/* End PBXSourcesBuildPhase section */

/* Begin PBXTargetDependency section */
		CEC0C1D72E40BA6300CF243A /* PBXTargetDependency */ = {
			isa = PBXTargetDependency;
			target = CEC0C1BB2E40BA6000CF243A /* CurrencyCalculator */;
			targetProxy = CEC0C1D62E40BA6300CF243A /* PBXContainerItemProxy */;
		};
		CEC0C1E12E40BA6300CF243A /* PBXTargetDependency */ = {
			isa = PBXTargetDependency;
			target = CEC0C1BB2E40BA6000CF243A /* CurrencyCalculator */;
			targetProxy = CEC0C1E02E40BA6300CF243A /* PBXContainerItemProxy */;
		};
/* End PBXTargetDependency section */

/* Begin PBXVariantGroup section */
		CEC0C1C52E40BA6000CF243A /* Main.storyboard */ = {
			isa = PBXVariantGroup;
			children = (
				CEC0C1C62E40BA6000CF243A /* Base */,
			);
			name = Main.storyboard;
			sourceTree = "<group>";
		};
		CEC0C1CD2E40BA6300CF243A /* LaunchScreen.storyboard */ = {
			isa = PBXVariantGroup;
			children = (
				CEC0C1CE2E40BA6300CF243A /* Base */,
			);
			name = LaunchScreen.storyboard;
			sourceTree = "<group>";
		};
/* End PBXVariantGroup section */

/* Begin XCBuildConfiguration section */
		CEC0C1E72E40BA6300CF243A /* Debug */ = {
			isa = XCBuildConfiguration;
			buildSettings = {
				ALWAYS_SEARCH_USER_PATHS = NO;
				ASSETCATALOG_COMPILER_GENERATE_SWIFT_ASSET_SYMBOL_EXTENSIONS = YES;
				CLANG_ANALYZER_NONNULL = YES;
				CLANG_ANALYZER_NUMBER_OBJECT_CONVERSION = YES_AGGRESSIVE;
				CLANG_CXX_LANGUAGE_STANDARD = "gnu++20";
				CLANG_ENABLE_MODULES = YES;
				CLANG_ENABLE_OBJC_ARC = YES;
				CLANG_ENABLE_OBJC_WEAK = YES;
				CLANG_WARN_BLOCK_CAPTURE_AUTORELEASING = YES;
				CLANG_WARN_BOOL_CONVERSION = YES;
				CLANG_WARN_COMMA = YES;
				CLANG_WARN_CONSTANT_CONVERSION = YES;
				CLANG_WARN_DEPRECATED_OBJC_IMPLEMENTATIONS = YES;
				CLANG_WARN_DIRECT_OBJC_ISA_USAGE = YES_ERROR;
				CLANG_WARN_DOCUMENTATION_COMMENTS = YES;
				CLANG_WARN_EMPTY_BODY = YES;
				CLANG_WARN_ENUM_CONVERSION = YES;
				CLANG_WARN_INFINITE_RECURSION = YES;
				CLANG_WARN_INT_CONVERSION = YES;
				CLANG_WARN_NON_LITERAL_NULL_CONVERSION = YES;
				CLANG_WARN_OBJC_IMPLICIT_RETAIN_SELF = YES;
				CLANG_WARN_OBJC_LITERAL_CONVERSION = YES;
				CLANG_WARN_OBJC_ROOT_CLASS = YES_ERROR;
				CLANG_WARN_QUOTED_INCLUDE_IN_FRAMEWORK_HEADER = YES;
				CLANG_WARN_RANGE_LOOP_ANALYSIS = YES;
				CLANG_WARN_STRICT_PROTOTYPES = YES;
				CLANG_WARN_SUSPICIOUS_MOVE = YES;
				CLANG_WARN_UNGUARDED_AVAILABILITY = YES_AGGRESSIVE;
				CLANG_WARN_UNREACHABLE_CODE = YES;
				CLANG_WARN__DUPLICATE_METHOD_MATCH = YES;
				COPY_PHASE_STRIP = NO;
				DEBUG_INFORMATION_FORMAT = dwarf;
				ENABLE_STRICT_OBJC_MSGSEND = YES;
				ENABLE_TESTABILITY = YES;
				ENABLE_USER_SCRIPT_SANDBOXING = YES;
				GCC_C_LANGUAGE_STANDARD = gnu17;
				GCC_DYNAMIC_NO_PIC = NO;
				GCC_NO_COMMON_BLOCKS = YES;
				GCC_OPTIMIZATION_LEVEL = 0;
				GCC_PREPROCESSOR_DEFINITIONS = (
					"DEBUG=1",
					"$(inherited)",
				);
				GCC_WARN_64_TO_32_BIT_CONVERSION = YES;
				GCC_WARN_ABOUT_RETURN_TYPE = YES_ERROR;
				GCC_WARN_UNDECLARED_SELECTOR = YES;
				GCC_WARN_UNINITIALIZED_AUTOS = YES_AGGRESSIVE;
				GCC_WARN_UNUSED_FUNCTION = YES;
				GCC_WARN_UNUSED_VARIABLE = YES;
				IPHONEOS_DEPLOYMENT_TARGET = 17.2;
				LOCALIZATION_PREFERS_STRING_CATALOGS = YES;
				MTL_ENABLE_DEBUG_INFO = INCLUDE_SOURCE;
				MTL_FAST_MATH = YES;
				ONLY_ACTIVE_ARCH = YES;
				SDKROOT = iphoneos;
				SWIFT_ACTIVE_COMPILATION_CONDITIONS = "DEBUG $(inherited)";
				SWIFT_OPTIMIZATION_LEVEL = "-Onone";
			};
			name = Debug;
		};
		CEC0C1E82E40BA6300CF243A /* Release */ = {
			isa = XCBuildConfiguration;
			buildSettings = {
				ALWAYS_SEARCH_USER_PATHS = NO;
				ASSETCATALOG_COMPILER_GENERATE_SWIFT_ASSET_SYMBOL_EXTENSIONS = YES;
				CLANG_ANALYZER_NONNULL = YES;
				CLANG_ANALYZER_NUMBER_OBJECT_CONVERSION = YES_AGGRESSIVE;
				CLANG_CXX_LANGUAGE_STANDARD = "gnu++20";
				CLANG_ENABLE_MODULES = YES;
				CLANG_ENABLE_OBJC_ARC = YES;
				CLANG_ENABLE_OBJC_WEAK = YES;
				CLANG_WARN_BLOCK_CAPTURE_AUTORELEASING = YES;
				CLANG_WARN_BOOL_CONVERSION = YES;
				CLANG_WARN_COMMA = YES;
				CLANG_WARN_CONSTANT_CONVERSION = YES;
				CLANG_WARN_DEPRECATED_OBJC_IMPLEMENTATIONS = YES;
				CLANG_WARN_DIRECT_OBJC_ISA_USAGE = YES_ERROR;
				CLANG_WARN_DOCUMENTATION_COMMENTS = YES;
				CLANG_WARN_EMPTY_BODY = YES;
				CLANG_WARN_ENUM_CONVERSION = YES;
				CLANG_WARN_INFINITE_RECURSION = YES;
				CLANG_WARN_INT_CONVERSION = YES;
				CLANG_WARN_NON_LITERAL_NULL_CONVERSION = YES;
				CLANG_WARN_OBJC_IMPLICIT_RETAIN_SELF = YES;
				CLANG_WARN_OBJC_LITERAL_CONVERSION = YES;
				CLANG_WARN_OBJC_ROOT_CLASS = YES_ERROR;
				CLANG_WARN_QUOTED_INCLUDE_IN_FRAMEWORK_HEADER = YES;
				CLANG_WARN_RANGE_LOOP_ANALYSIS = YES;
				CLANG_WARN_STRICT_PROTOTYPES = YES;
				CLANG_WARN_SUSPICIOUS_MOVE = YES;
				CLANG_WARN_UNGUARDED_AVAILABILITY = YES_AGGRESSIVE;
				CLANG_WARN_UNREACHABLE_CODE = YES;
				CLANG_WARN__DUPLICATE_METHOD_MATCH = YES;
				COPY_PHASE_STRIP = NO;
				DEBUG_INFORMATION_FORMAT = "dwarf-with-dsym";
				ENABLE_NS_ASSERTIONS = NO;
				ENABLE_STRICT_OBJC_MSGSEND = YES;
				ENABLE_USER_SCRIPT_SANDBOXING = YES;
				GCC_C_LANGUAGE_STANDARD = gnu17;
				GCC_NO_COMMON_BLOCKS = YES;
				GCC_WARN_64_TO_32_BIT_CONVERSION = YES;
				GCC_WARN_ABOUT_RETURN_TYPE = YES_ERROR;
				GCC_WARN_UNDECLARED_SELECTOR = YES;
				GCC_WARN_UNINITIALIZED_AUTOS = YES_AGGRESSIVE;
				GCC_WARN_UNUSED_FUNCTION = YES;
				GCC_WARN_UNUSED_VARIABLE = YES;
				IPHONEOS_DEPLOYMENT_TARGET = 17.2;
				LOCALIZATION_PREFERS_STRING_CATALOGS = YES;
				MTL_ENABLE_DEBUG_INFO = NO;
				MTL_FAST_MATH = YES;
				SDKROOT = iphoneos;
				SWIFT_COMPILATION_MODE = wholemodule;
				VALIDATE_PRODUCT = YES;
			};
			name = Release;
		};
		CEC0C1EA2E40BA6300CF243A /* Debug */ = {
			isa = XCBuildConfiguration;
			baseConfigurationReference = 1D79DE6EDFE6AA29626EFE5D /* Pods-CurrencyCalculator.debug.xcconfig */;
			buildSettings = {
				ASSETCATALOG_COMPILER_APPICON_NAME = AppIcon;
				ASSETCATALOG_COMPILER_GLOBAL_ACCENT_COLOR_NAME = AccentColor;
				CODE_SIGN_STYLE = Automatic;
				CURRENT_PROJECT_VERSION = 1;
				GENERATE_INFOPLIST_FILE = YES;
				INFOPLIST_FILE = CurrencyCalculator/Info.plist;
				INFOPLIST_KEY_UIApplicationSupportsIndirectInputEvents = YES;
				INFOPLIST_KEY_UILaunchStoryboardName = LaunchScreen;
				INFOPLIST_KEY_UIMainStoryboardFile = Main;
				INFOPLIST_KEY_UISupportedInterfaceOrientations_iPad = "UIInterfaceOrientationPortrait UIInterfaceOrientationPortraitUpsideDown UIInterfaceOrientationLandscapeLeft UIInterfaceOrientationLandscapeRight";
				INFOPLIST_KEY_UISupportedInterfaceOrientations_iPhone = "UIInterfaceOrientationPortrait UIInterfaceOrientationLandscapeLeft UIInterfaceOrientationLandscapeRight";
				IPHONEOS_DEPLOYMENT_TARGET = 13.0;
				LD_RUNPATH_SEARCH_PATHS = (
					"$(inherited)",
					"@executable_path/Frameworks",
				);
				MARKETING_VERSION = 1.0;
				PRODUCT_BUNDLE_IDENTIFIER = cynthia.CurrencyCalculator;
				PRODUCT_NAME = "$(TARGET_NAME)";
				SWIFT_EMIT_LOC_STRINGS = YES;
				SWIFT_VERSION = 5.0;
				TARGETED_DEVICE_FAMILY = "1,2";
			};
			name = Debug;
		};
		CEC0C1EB2E40BA6300CF243A /* Release */ = {
			isa = XCBuildConfiguration;
			baseConfigurationReference = 226D226ED68DE5718629CDB2 /* Pods-CurrencyCalculator.release.xcconfig */;
			buildSettings = {
				ASSETCATALOG_COMPILER_APPICON_NAME = AppIcon;
				ASSETCATALOG_COMPILER_GLOBAL_ACCENT_COLOR_NAME = AccentColor;
				CODE_SIGN_STYLE = Automatic;
				CURRENT_PROJECT_VERSION = 1;
				GENERATE_INFOPLIST_FILE = YES;
				INFOPLIST_FILE = CurrencyCalculator/Info.plist;
				INFOPLIST_KEY_UIApplicationSupportsIndirectInputEvents = YES;
				INFOPLIST_KEY_UILaunchStoryboardName = LaunchScreen;
				INFOPLIST_KEY_UIMainStoryboardFile = Main;
				INFOPLIST_KEY_UISupportedInterfaceOrientations_iPad = "UIInterfaceOrientationPortrait UIInterfaceOrientationPortraitUpsideDown UIInterfaceOrientationLandscapeLeft UIInterfaceOrientationLandscapeRight";
				INFOPLIST_KEY_UISupportedInterfaceOrientations_iPhone = "UIInterfaceOrientationPortrait UIInterfaceOrientationLandscapeLeft UIInterfaceOrientationLandscapeRight";
				IPHONEOS_DEPLOYMENT_TARGET = 13.0;
				LD_RUNPATH_SEARCH_PATHS = (
					"$(inherited)",
					"@executable_path/Frameworks",
				);
				MARKETING_VERSION = 1.0;
				PRODUCT_BUNDLE_IDENTIFIER = cynthia.CurrencyCalculator;
				PRODUCT_NAME = "$(TARGET_NAME)";
				SWIFT_EMIT_LOC_STRINGS = YES;
				SWIFT_VERSION = 5.0;
				TARGETED_DEVICE_FAMILY = "1,2";
			};
			name = Release;
		};
		CEC0C1ED2E40BA6300CF243A /* Debug */ = {
			isa = XCBuildConfiguration;
			baseConfigurationReference = 969479BB3875D222B9ADFE0B /* Pods-CurrencyCalculatorTests.debug.xcconfig */;
			buildSettings = {
				ALWAYS_EMBED_SWIFT_STANDARD_LIBRARIES = YES;
				BUNDLE_LOADER = "$(TEST_HOST)";
				CODE_SIGN_STYLE = Automatic;
				CURRENT_PROJECT_VERSION = 1;
				GENERATE_INFOPLIST_FILE = YES;
				IPHONEOS_DEPLOYMENT_TARGET = 17.2;
				MARKETING_VERSION = 1.0;
				PRODUCT_BUNDLE_IDENTIFIER = cynthia.CurrencyCalculatorTests;
				PRODUCT_NAME = "$(TARGET_NAME)";
				SWIFT_EMIT_LOC_STRINGS = NO;
				SWIFT_VERSION = 5.0;
				TARGETED_DEVICE_FAMILY = "1,2";
				TEST_HOST = "$(BUILT_PRODUCTS_DIR)/CurrencyCalculator.app/$(BUNDLE_EXECUTABLE_FOLDER_PATH)/CurrencyCalculator";
			};
			name = Debug;
		};
		CEC0C1EE2E40BA6300CF243A /* Release */ = {
			isa = XCBuildConfiguration;
			baseConfigurationReference = 5DF47ECED2BC65C680F58FD1 /* Pods-CurrencyCalculatorTests.release.xcconfig */;
			buildSettings = {
				ALWAYS_EMBED_SWIFT_STANDARD_LIBRARIES = YES;
				BUNDLE_LOADER = "$(TEST_HOST)";
				CODE_SIGN_STYLE = Automatic;
				CURRENT_PROJECT_VERSION = 1;
				GENERATE_INFOPLIST_FILE = YES;
				IPHONEOS_DEPLOYMENT_TARGET = 17.2;
				MARKETING_VERSION = 1.0;
				PRODUCT_BUNDLE_IDENTIFIER = cynthia.CurrencyCalculatorTests;
				PRODUCT_NAME = "$(TARGET_NAME)";
				SWIFT_EMIT_LOC_STRINGS = NO;
				SWIFT_VERSION = 5.0;
				TARGETED_DEVICE_FAMILY = "1,2";
				TEST_HOST = "$(BUILT_PRODUCTS_DIR)/CurrencyCalculator.app/$(BUNDLE_EXECUTABLE_FOLDER_PATH)/CurrencyCalculator";
			};
			name = Release;
		};
		CEC0C1F02E40BA6300CF243A /* Debug */ = {
			isa = XCBuildConfiguration;
			baseConfigurationReference = CA47CE0C63468F33C5192829 /* Pods-CurrencyCalculator-CurrencyCalculatorUITests.debug.xcconfig */;
			buildSettings = {
				ALWAYS_EMBED_SWIFT_STANDARD_LIBRARIES = YES;
				CODE_SIGN_STYLE = Automatic;
				CURRENT_PROJECT_VERSION = 1;
				GENERATE_INFOPLIST_FILE = YES;
				MARKETING_VERSION = 1.0;
				PRODUCT_BUNDLE_IDENTIFIER = cynthia.CurrencyCalculatorUITests;
				PRODUCT_NAME = "$(TARGET_NAME)";
				SWIFT_EMIT_LOC_STRINGS = NO;
				SWIFT_VERSION = 5.0;
				TARGETED_DEVICE_FAMILY = "1,2";
				TEST_TARGET_NAME = CurrencyCalculator;
			};
			name = Debug;
		};
		CEC0C1F12E40BA6300CF243A /* Release */ = {
			isa = XCBuildConfiguration;
			baseConfigurationReference = B06839D02508B8721C91F993 /* Pods-CurrencyCalculator-CurrencyCalculatorUITests.release.xcconfig */;
			buildSettings = {
				ALWAYS_EMBED_SWIFT_STANDARD_LIBRARIES = YES;
				CODE_SIGN_STYLE = Automatic;
				CURRENT_PROJECT_VERSION = 1;
				GENERATE_INFOPLIST_FILE = YES;
				MARKETING_VERSION = 1.0;
				PRODUCT_BUNDLE_IDENTIFIER = cynthia.CurrencyCalculatorUITests;
				PRODUCT_NAME = "$(TARGET_NAME)";
				SWIFT_EMIT_LOC_STRINGS = NO;
				SWIFT_VERSION = 5.0;
				TARGETED_DEVICE_FAMILY = "1,2";
				TEST_TARGET_NAME = CurrencyCalculator;
			};
			name = Release;
		};
/* End XCBuildConfiguration section */

/* Begin XCConfigurationList section */
		CEC0C1B72E40BA6000CF243A /* Build configuration list for PBXProject "CurrencyCalculator" */ = {
			isa = XCConfigurationList;
			buildConfigurations = (
				CEC0C1E72E40BA6300CF243A /* Debug */,
				CEC0C1E82E40BA6300CF243A /* Release */,
			);
			defaultConfigurationIsVisible = 0;
			defaultConfigurationName = Release;
		};
		CEC0C1E92E40BA6300CF243A /* Build configuration list for PBXNativeTarget "CurrencyCalculator" */ = {
			isa = XCConfigurationList;
			buildConfigurations = (
				CEC0C1EA2E40BA6300CF243A /* Debug */,
				CEC0C1EB2E40BA6300CF243A /* Release */,
			);
			defaultConfigurationIsVisible = 0;
			defaultConfigurationName = Release;
		};
		CEC0C1EC2E40BA6300CF243A /* Build configuration list for PBXNativeTarget "CurrencyCalculatorTests" */ = {
			isa = XCConfigurationList;
			buildConfigurations = (
				CEC0C1ED2E40BA6300CF243A /* Debug */,
				CEC0C1EE2E40BA6300CF243A /* Release */,
			);
			defaultConfigurationIsVisible = 0;
			defaultConfigurationName = Release;
		};
		CEC0C1EF2E40BA6300CF243A /* Build configuration list for PBXNativeTarget "CurrencyCalculatorUITests" */ = {
			isa = XCConfigurationList;
			buildConfigurations = (
				CEC0C1F02E40BA6300CF243A /* Debug */,
				CEC0C1F12E40BA6300CF243A /* Release */,
			);
			defaultConfigurationIsVisible = 0;
			defaultConfigurationName = Release;
		};
/* End XCConfigurationList section */

/* Begin XCVersionGroup section */
		CEC0C1C82E40BA6000CF243A /* CurrencyCalculator.xcdatamodeld */ = {
			isa = XCVersionGroup;
			children = (
				CEC0C1C92E40BA6000CF243A /* CurrencyCalculator.xcdatamodel */,
			);
			currentVersion = CEC0C1C92E40BA6000CF243A /* CurrencyCalculator.xcdatamodel */;
			path = CurrencyCalculator.xcdatamodeld;
			sourceTree = "<group>";
			versionGroupType = wrapper.xcdatamodel;
		};
/* End XCVersionGroup section */
	};
	rootObject = CEC0C1B42E40BA6000CF243A /* Project object */;
}
